
Microsoft Visual Studio Solution File, Format Version 12.00
# Visual Studio Version 16
VisualStudioVersion = 16.0.29926.136
MinimumVisualStudioVersion = 10.0.40219.1
Project("{9A19103F-16F7-4668-BE54-9A1E7A4F7556}") = "brain.api", "brain.api\brain.api.csproj", "{43E679E1-6B99-43B6-BD3B-025DB186DDED}"
EndProject
Project("{9A19103F-16F7-4668-BE54-9A1E7A4F7556}") = "hand.api", "hand.api\hand.api.csproj", "{A45D464D-2C1B-44E8-ACFD-0359AA97433B}"
EndProject
Project("{9A19103F-16F7-4668-BE54-9A1E7A4F7556}") = "gateway.api", "gateway.api\gateway.api.csproj", "{A06D098F-FEE7-464F-91D8-48E6C5161641}"
EndProject
Project("{9A19103F-16F7-4668-BE54-9A1E7A4F7556}") = "request.api", "request.api\request.api.csproj", "{B2F428D7-CC9D-4BC5-82BB-49C832F8F141}"
EndProject
Project("{FAE04EC0-301F-11D3-BF4B-00C04F79EFBC}") = "IdentityServer", "IdentityServer\IdentityServer.csproj", "{0137FD62-23F8-4B9E-B04A-F6736775B05A}"
EndProject
Global
	GlobalSection(SolutionConfigurationPlatforms) = preSolution
		Debug|Any CPU = Debug|Any CPU
		Release|Any CPU = Release|Any CPU
	EndGlobalSection
	GlobalSection(ProjectConfigurationPlatforms) = postSolution
		{43E679E1-6B99-43B6-BD3B-025DB186DDED}.Debug|Any CPU.ActiveCfg = Debug|Any CPU
		{43E679E1-6B99-43B6-BD3B-025DB186DDED}.Debug|Any CPU.Build.0 = Debug|Any CPU
		{43E679E1-6B99-43B6-BD3B-025DB186DDED}.Release|Any CPU.ActiveCfg = Release|Any CPU
		{43E679E1-6B99-43B6-BD3B-025DB186DDED}.Release|Any CPU.Build.0 = Release|Any CPU
		{A45D464D-2C1B-44E8-ACFD-0359AA97433B}.Debug|Any CPU.ActiveCfg = Debug|Any CPU
		{A45D464D-2C1B-44E8-ACFD-0359AA97433B}.Debug|Any CPU.Build.0 = Debug|Any CPU
		{A45D464D-2C1B-44E8-ACFD-0359AA97433B}.Release|Any CPU.ActiveCfg = Release|Any CPU
		{A45D464D-2C1B-44E8-ACFD-0359AA97433B}.Release|Any CPU.Build.0 = Release|Any CPU
		{A06D098F-FEE7-464F-91D8-48E6C5161641}.Debug|Any CPU.ActiveCfg = Debug|Any CPU
		{A06D098F-FEE7-464F-91D8-48E6C5161641}.Debug|Any CPU.Build.0 = Debug|Any CPU
		{A06D098F-FEE7-464F-91D8-48E6C5161641}.Release|Any CPU.ActiveCfg = Release|Any CPU
		{A06D098F-FEE7-464F-91D8-48E6C5161641}.Release|Any CPU.Build.0 = Release|Any CPU
		{B2F428D7-CC9D-4BC5-82BB-49C832F8F141}.Debug|Any CPU.ActiveCfg = Debug|Any CPU
		{B2F428D7-CC9D-4BC5-82BB-49C832F8F141}.Debug|Any CPU.Build.0 = Debug|Any CPU
		{B2F428D7-CC9D-4BC5-82BB-49C832F8F141}.Release|Any CPU.ActiveCfg = Release|Any CPU
		{B2F428D7-CC9D-4BC5-82BB-49C832F8F141}.Release|Any CPU.Build.0 = Release|Any CPU
		{0137FD62-23F8-4B9E-B04A-F6736775B05A}.Debug|Any CPU.ActiveCfg = Debug|Any CPU
		{0137FD62-23F8-4B9E-B04A-F6736775B05A}.Debug|Any CPU.Build.0 = Debug|Any CPU
		{0137FD62-23F8-4B9E-B04A-F6736775B05A}.Release|Any CPU.ActiveCfg = Release|Any CPU
		{0137FD62-23F8-4B9E-B04A-F6736775B05A}.Release|Any CPU.Build.0 = Release|Any CPU
	EndGlobalSection
	GlobalSection(SolutionProperties) = preSolution
		HideSolutionNode = FALSE
	EndGlobalSection
	GlobalSection(ExtensibilityGlobals) = postSolution
		SolutionGuid = {8935FD34-C6E1-4B22-819C-E24BEE5CE623}
	EndGlobalSection
EndGlobal
